// !$*UTF8*$!
{
	archiveVersion = 1;
	classes = {
	};
	objectVersion = 48;
	objects = {

/* Begin PBXGroup section */
		F05A69F21FE6A681003FAE31 = {
			isa = PBXGroup;
			children = (
			);
			sourceTree = "<group>";
		};
/* End PBXGroup section */

/* Begin PBXProject section */
		F05A69F31FE6A681003FAE31 /* Project object */ = {
			isa = PBXProject;
			attributes = {
				LastUpgradeCheck = 0920;
			};
			buildConfigurationList = F05A69F61FE6A681003FAE31 /* Build configuration list for PBXProject "Honey" */;
			compatibilityVersion = "Xcode 8.0";
			developmentRegion = en;
			hasScannedForEncodings = 0;
			knownRegions = (
				en,
			);
			mainGroup = F05A69F21FE6A681003FAE31;
			projectDirPath = "";
			projectRoot = "";
			targets = (
			);
		};
/* End PBXProject section */

/* Begin XCBuildConfiguration section */
		F05A69F71FE6A681003FAE31 /* Debug */ = {
			isa = XCBuildConfiguration;
			buildSettings = {
			};
			name = Debug;
		};
		F05A69F81FE6A681003FAE31 /* Release */ = {
			isa = XCBuildConfiguration;
			buildSettings = {
			};
			name = Release;
		};
/* End XCBuildConfiguration section */

/* Begin XCConfigurationList section */
		F05A69F61FE6A681003FAE31 /* Build configuration list for PBXProject "Honey" */ = {
			isa = XCConfigurationList;
			buildConfigurations = (
				F05A69F71FE6A681003FAE31 /* Debug */,
				F05A69F81FE6A681003FAE31 /* Release */,
			);
			defaultConfigurationIsVisible = 0;
			defaultConfigurationName = Release;
		};
/* End XCConfigurationList section */
	};
	rootObject = F05A69F31FE6A681003FAE31 /* Project object */;
}
